
Microsoft Visual Studio Solution File, Format Version 12.00
# Visual Studio 15
VisualStudioVersion = 15.0.26430.6
MinimumVisualStudioVersion = 10.0.40219.1
Project("{2150E333-8FDC-42A3-9474-1A3956D46DE8}") = "src", "src", "{F98BC17F-07F4-4C86-A1AB-FC8F9A3F514F}"
EndProject
Project("{FAE04EC0-301F-11D3-BF4B-00C04F79EFBC}") = "EFCore.Mapper", "src\EFCore.Mapper\EFCore.Mapper.csproj", "{0D9420CD-9BDA-4E1D-8502-10FC71F9ACDA}"
EndProject
Global
	GlobalSection(SolutionConfigurationPlatforms) = preSolution
		Debug|Any CPU = Debug|Any CPU
		Release|Any CPU = Release|Any CPU
	EndGlobalSection
	GlobalSection(ProjectConfigurationPlatforms) = postSolution
		{0D9420CD-9BDA-4E1D-8502-10FC71F9ACDA}.Debug|Any CPU.ActiveCfg = Debug|Any CPU
		{0D9420CD-9BDA-4E1D-8502-10FC71F9ACDA}.Debug|Any CPU.Build.0 = Debug|Any CPU
		{0D9420CD-9BDA-4E1D-8502-10FC71F9ACDA}.Release|Any CPU.ActiveCfg = Release|Any CPU
		{0D9420CD-9BDA-4E1D-8502-10FC71F9ACDA}.Release|Any CPU.Build.0 = Release|Any CPU
	EndGlobalSection
	GlobalSection(SolutionProperties) = preSolution
		HideSolutionNode = FALSE
	EndGlobalSection
	GlobalSection(NestedProjects) = preSolution
		{0D9420CD-9BDA-4E1D-8502-10FC71F9ACDA} = {F98BC17F-07F4-4C86-A1AB-FC8F9A3F514F}
	EndGlobalSection
EndGlobal
